
Microsoft Visual Studio Solution File, Format Version 12.00
# Visual Studio Version 16
VisualStudioVersion = 16.0.28803.202
MinimumVisualStudioVersion = 10.0.40219.1
Project("{FAE04EC0-301F-11D3-BF4B-00C04F79EFBC}") = "BleBeagleBone.Android", ".\BleBeagleBone.Android\BleBeagleBone.Android.csproj", "{6519F995-6CFF-41D2-BE7A-561DD43AA1A6}"
EndProject
Project("{FAE04EC0-301F-11D3-BF4B-00C04F79EFBC}") = "BleBeagleBone.iOS", ".\BleBeagleBone.iOS\BleBeagleBone.iOS.csproj", "{3857B017-2B1A-4004-8081-838BE133094D}"
EndProject
Project("{9A19103F-16F7-4668-BE54-9A1E7A4F7556}") = "BleBeagleBone", ".\BleBeagleBone\BleBeagleBone.csproj", "{1693F6E4-AAB6-4EE9-BF77-12DFEC39E651}"
EndProject
Global
	GlobalSection(SolutionConfigurationPlatforms) = preSolution
		Debug|Any CPU = Debug|Any CPU
		Debug|iPhone = Debug|iPhone
		Debug|iPhoneSimulator = Debug|iPhoneSimulator
		Release|Any CPU = Release|Any CPU
		Release|iPhone = Release|iPhone
		Release|iPhoneSimulator = Release|iPhoneSimulator
	EndGlobalSection
	GlobalSection(ProjectConfigurationPlatforms) = postSolution
		{6519F995-6CFF-41D2-BE7A-561DD43AA1A6}.Debug|Any CPU.ActiveCfg = Debug|Any CPU
		{6519F995-6CFF-41D2-BE7A-561DD43AA1A6}.Debug|Any CPU.Build.0 = Debug|Any CPU
		{6519F995-6CFF-41D2-BE7A-561DD43AA1A6}.Debug|Any CPU.Deploy.0 = Debug|Any CPU
		{6519F995-6CFF-41D2-BE7A-561DD43AA1A6}.Debug|iPhone.ActiveCfg = Debug|Any CPU
		{6519F995-6CFF-41D2-BE7A-561DD43AA1A6}.Debug|iPhone.Build.0 = Debug|Any CPU
		{6519F995-6CFF-41D2-BE7A-561DD43AA1A6}.Debug|iPhone.Deploy.0 = Debug|Any CPU
		{6519F995-6CFF-41D2-BE7A-561DD43AA1A6}.Debug|iPhoneSimulator.ActiveCfg = Debug|Any CPU
		{6519F995-6CFF-41D2-BE7A-561DD43AA1A6}.Debug|iPhoneSimulator.Build.0 = Debug|Any CPU
		{6519F995-6CFF-41D2-BE7A-561DD43AA1A6}.Debug|iPhoneSimulator.Deploy.0 = Debug|Any CPU
		{6519F995-6CFF-41D2-BE7A-561DD43AA1A6}.Release|Any CPU.ActiveCfg = Release|Any CPU
		{6519F995-6CFF-41D2-BE7A-561DD43AA1A6}.Release|Any CPU.Build.0 = Release|Any CPU
		{6519F995-6CFF-41D2-BE7A-561DD43AA1A6}.Release|Any CPU.Deploy.0 = Release|Any CPU
		{6519F995-6CFF-41D2-BE7A-561DD43AA1A6}.Release|iPhone.ActiveCfg = Release|Any CPU
		{6519F995-6CFF-41D2-BE7A-561DD43AA1A6}.Release|iPhone.Build.0 = Release|Any CPU
		{6519F995-6CFF-41D2-BE7A-561DD43AA1A6}.Release|iPhone.Deploy.0 = Release|Any CPU
		{6519F995-6CFF-41D2-BE7A-561DD43AA1A6}.Release|iPhoneSimulator.ActiveCfg = Release|Any CPU
		{6519F995-6CFF-41D2-BE7A-561DD43AA1A6}.Release|iPhoneSimulator.Build.0 = Release|Any CPU
		{6519F995-6CFF-41D2-BE7A-561DD43AA1A6}.Release|iPhoneSimulator.Deploy.0 = Release|Any CPU
		{3857B017-2B1A-4004-8081-838BE133094D}.Debug|Any CPU.ActiveCfg = Debug|iPhoneSimulator
		{3857B017-2B1A-4004-8081-838BE133094D}.Debug|Any CPU.Build.0 = Debug|iPhoneSimulator
		{3857B017-2B1A-4004-8081-838BE133094D}.Debug|Any CPU.Deploy.0 = Debug|iPhoneSimulator
		{3857B017-2B1A-4004-8081-838BE133094D}.Debug|iPhone.ActiveCfg = Debug|iPhone
		{3857B017-2B1A-4004-8081-838BE133094D}.Debug|iPhone.Build.0 = Debug|iPhone
		{3857B017-2B1A-4004-8081-838BE133094D}.Debug|iPhone.Deploy.0 = Debug|iPhone
		{3857B017-2B1A-4004-8081-838BE133094D}.Debug|iPhoneSimulator.ActiveCfg = Debug|iPhoneSimulator
		{3857B017-2B1A-4004-8081-838BE133094D}.Debug|iPhoneSimulator.Build.0 = Debug|iPhoneSimulator
		{3857B017-2B1A-4004-8081-838BE133094D}.Debug|iPhoneSimulator.Deploy.0 = Debug|iPhoneSimulator
		{3857B017-2B1A-4004-8081-838BE133094D}.Release|Any CPU.ActiveCfg = Release|iPhone
		{3857B017-2B1A-4004-8081-838BE133094D}.Release|Any CPU.Build.0 = Release|iPhone
		{3857B017-2B1A-4004-8081-838BE133094D}.Release|Any CPU.Deploy.0 = Release|iPhone
		{3857B017-2B1A-4004-8081-838BE133094D}.Release|iPhone.ActiveCfg = Release|iPhone
		{3857B017-2B1A-4004-8081-838BE133094D}.Release|iPhone.Build.0 = Release|iPhone
		{3857B017-2B1A-4004-8081-838BE133094D}.Release|iPhone.Deploy.0 = Release|iPhone
		{3857B017-2B1A-4004-8081-838BE133094D}.Release|iPhoneSimulator.ActiveCfg = Release|iPhoneSimulator
		{3857B017-2B1A-4004-8081-838BE133094D}.Release|iPhoneSimulator.Build.0 = Release|iPhoneSimulator
		{3857B017-2B1A-4004-8081-838BE133094D}.Release|iPhoneSimulator.Deploy.0 = Release|iPhoneSimulator
		{1693F6E4-AAB6-4EE9-BF77-12DFEC39E651}.Debug|Any CPU.ActiveCfg = Debug|Any CPU
		{1693F6E4-AAB6-4EE9-BF77-12DFEC39E651}.Debug|Any CPU.Build.0 = Debug|Any CPU
		{1693F6E4-AAB6-4EE9-BF77-12DFEC39E651}.Debug|Any CPU.Deploy.0 = Debug|Any CPU
		{1693F6E4-AAB6-4EE9-BF77-12DFEC39E651}.Debug|iPhone.ActiveCfg = Debug|Any CPU
		{1693F6E4-AAB6-4EE9-BF77-12DFEC39E651}.Debug|iPhone.Build.0 = Debug|Any CPU
		{1693F6E4-AAB6-4EE9-BF77-12DFEC39E651}.Debug|iPhone.Deploy.0 = Debug|Any CPU
		{1693F6E4-AAB6-4EE9-BF77-12DFEC39E651}.Debug|iPhoneSimulator.ActiveCfg = Debug|Any CPU
		{1693F6E4-AAB6-4EE9-BF77-12DFEC39E651}.Debug|iPhoneSimulator.Build.0 = Debug|Any CPU
		{1693F6E4-AAB6-4EE9-BF77-12DFEC39E651}.Debug|iPhoneSimulator.Deploy.0 = Debug|Any CPU
		{1693F6E4-AAB6-4EE9-BF77-12DFEC39E651}.Release|Any CPU.ActiveCfg = Release|Any CPU
		{1693F6E4-AAB6-4EE9-BF77-12DFEC39E651}.Release|Any CPU.Build.0 = Release|Any CPU
		{1693F6E4-AAB6-4EE9-BF77-12DFEC39E651}.Release|Any CPU.Deploy.0 = Release|Any CPU
		{1693F6E4-AAB6-4EE9-BF77-12DFEC39E651}.Release|iPhone.ActiveCfg = Release|Any CPU
		{1693F6E4-AAB6-4EE9-BF77-12DFEC39E651}.Release|iPhone.Build.0 = Release|Any CPU
		{1693F6E4-AAB6-4EE9-BF77-12DFEC39E651}.Release|iPhone.Deploy.0 = Release|Any CPU
		{1693F6E4-AAB6-4EE9-BF77-12DFEC39E651}.Release|iPhoneSimulator.ActiveCfg = Release|Any CPU
		{1693F6E4-AAB6-4EE9-BF77-12DFEC39E651}.Release|iPhoneSimulator.Build.0 = Release|Any CPU
		{1693F6E4-AAB6-4EE9-BF77-12DFEC39E651}.Release|iPhoneSimulator.Deploy.0 = Release|Any CPU
	EndGlobalSection
	GlobalSection(SolutionProperties) = preSolution
		HideSolutionNode = FALSE
	EndGlobalSection
	GlobalSection(ExtensibilityGlobals) = postSolution
		SolutionGuid = {25E3EED6-CDC3-4A1F-BA57-A667F88CDF54}
	EndGlobalSection
EndGlobal
